
Microsoft Visual Studio Solution File, Format Version 12.00
Project("{FAE04EC0-301F-11D3-BF4B-00C04F79EFBC}") = "Ar_Card_Connect_Api", "Ar_Card_Connect_Api\Ar_Card_Connect_Api.csproj", "{FA6EEF5D-9023-4381-AB47-2B1AD9267E5A}"
EndProject
Global
	GlobalSection(SolutionConfigurationPlatforms) = preSolution
		Debug|Any CPU = Debug|Any CPU
		Release|Any CPU = Release|Any CPU
	EndGlobalSection
	GlobalSection(ProjectConfigurationPlatforms) = postSolution
		{FA6EEF5D-9023-4381-AB47-2B1AD9267E5A}.Debug|Any CPU.ActiveCfg = Debug|Any CPU
		{FA6EEF5D-9023-4381-AB47-2B1AD9267E5A}.Debug|Any CPU.Build.0 = Debug|Any CPU
		{FA6EEF5D-9023-4381-AB47-2B1AD9267E5A}.Release|Any CPU.ActiveCfg = Release|Any CPU
		{FA6EEF5D-9023-4381-AB47-2B1AD9267E5A}.Release|Any CPU.Build.0 = Release|Any CPU
	EndGlobalSection
EndGlobal
